// !$*UTF8*$!
{
	archiveVersion = 1;
	classes = {
	};
	objectVersion = 77;
	objects = {

/* Begin PBXBuildFile section */
		A507E46230060CF900D292AD /* README.md in Resources */ = {isa = PBXBuildFile; fileRef = A507E46130060CF900D292AD /* README.md */; };
		A594E501300F2C59005BC949 /* CapacityCheckInView.swift in Sources */ = {isa = PBXBuildFile; fileRef = A594E4F7300F2C59005BC949 /* CapacityCheckInView.swift */; };
		A594E505300F2C59005BC949 /* CapacityCheckIn.swift in Sources */ = {isa = PBXBuildFile; fileRef = A594E4E7300F2C59005BC949 /* CapacityCheckIn.swift */; };
		A594E506300F2C59005BC949 /* CareAIService.swift in Sources */ = {isa = PBXBuildFile; fileRef = A594E4EE300F2C59005BC949 /* CareAIService.swift */; };
		A594E50F300F2C59005BC949 /* RootTabView.swift in Sources */ = {isa = PBXBuildFile; fileRef = A594E4FB300F2C59005BC949 /* RootTabView.swift */; };
		A594E512300F2C59005BC949 /* KinCareAppIntents.swift in Sources */ = {isa = PBXBuildFile; fileRef = A594E4E5300F2C59005BC949 /* KinCareAppIntents.swift */; };
		A594E516300F2CAE005BC949 /* KinCareTheme.swift in Sources */ = {isa = PBXBuildFile; fileRef = A594E515300F2CAE005BC949 /* KinCareTheme.swift */; };
		A5A0CF63300F3000004CE9AD /* AppBootstrapper.swift in Sources */ = {isa = PBXBuildFile; fileRef = A5A0CF62300F3000004CE9AD /* AppBootstrapper.swift */; };
		A5A0CF65300F300E004CE9AD /* AddMemberView.swift in Sources */ = {isa = PBXBuildFile; fileRef = A5A0CF64300F300E004CE9AD /* AddMemberView.swift */; };
		A5A0CF6F300F33CF004CE9AD /* CalendarService.swift in Sources */ = {isa = PBXBuildFile; fileRef = A5A0CF6C300F33CF004CE9AD /* CalendarService.swift */; };
		A5A0CF70300F33CF004CE9AD /* NotificationService.swift in Sources */ = {isa = PBXBuildFile; fileRef = A5A0CF6D300F33CF004CE9AD /* NotificationService.swift */; };
		A5A0CF71300F33CF004CE9AD /* TaskCompletionService.swift in Sources */ = {isa = PBXBuildFile; fileRef = A5A0CF6E300F33CF004CE9AD /* TaskCompletionService.swift */; };
		A5A0CF75300F33E2004CE9AD /* AllCareTasksView.swift in Sources */ = {isa = PBXBuildFile; fileRef = A5A0CF73300F33E2004CE9AD /* AllCareTasksView.swift */; };
		A5A0CF79300F33F2004CE9AD /* TasksView.swift in Sources */ = {isa = PBXBuildFile; fileRef = A5A0CF76300F33F2004CE9AD /* TasksView.swift */; };
		A5A0CF7B300F33FF004CE9AD /* TaskRow.swift in Sources */ = {isa = PBXBuildFile; fileRef = A5A0CF7A300F33FF004CE9AD /* TaskRow.swift */; };
		A5A0CF7D300F376E004CE9AD /* CareCircleView.swift in Sources */ = {isa = PBXBuildFile; fileRef = A5A0CF7C300F376E004CE9AD /* CareCircleView.swift */; };
		A5A0CF7F300F3775004CE9AD /* AppRootView.swift in Sources */ = {isa = PBXBuildFile; fileRef = A5A0CF7E300F3775004CE9AD /* AppRootView.swift */; };
		A5A0CF83300F378E004CE9AD /* PhoneAuthService.swift in Sources */ = {isa = PBXBuildFile; fileRef = A5A0CF82300F378E004CE9AD /* PhoneAuthService.swift */; };
		A5A0CF87300F37A8004CE9AD /* AccountModels.swift in Sources */ = {isa = PBXBuildFile; fileRef = A5A0CF84300F37A8004CE9AD /* AccountModels.swift */; };
		A5A0CF89300F37A8004CE9AD /* CareRecipient.swift in Sources */ = {isa = PBXBuildFile; fileRef = A5A0CF86300F37A8004CE9AD /* CareRecipient.swift */; };
		A5A0CF8B300F37B4004CE9AD /* KinCareApp.swift in Sources */ = {isa = PBXBuildFile; fileRef = A5A0CF8A300F37B4004CE9AD /* KinCareApp.swift */; };
		A5A0CF8E300F3B1F004CE9AD /* CareMember.swift in Sources */ = {isa = PBXBuildFile; fileRef = A5A0CF8D300F3B1F004CE9AD /* CareMember.swift */; };
		A5A0CF8F300F3B1F004CE9AD /* CareAvailability.swift in Sources */ = {isa = PBXBuildFile; fileRef = A5A0CF8C300F3B1F004CE9AD /* CareAvailability.swift */; };
		A5A0CF91300F3B2C004CE9AD /* CareCrewInviteResolver.swift in Sources */ = {isa = PBXBuildFile; fileRef = A5A0CF90300F3B2C004CE9AD /* CareCrewInviteResolver.swift */; };
		A5A0CF93300F3B52004CE9AD /* OnboardingFlowView.swift in Sources */ = {isa = PBXBuildFile; fileRef = A5A0CF92300F3B52004CE9AD /* OnboardingFlowView.swift */; };
		A5A0CF95300F3EDB004CE9AD /* CareTask.swift in Sources */ = {isa = PBXBuildFile; fileRef = A5A0CF94300F3EDB004CE9AD /* CareTask.swift */; };
		A5A0CF97300F3EE7004CE9AD /* AICareSummaryService.swift in Sources */ = {isa = PBXBuildFile; fileRef = A5A0CF96300F3EE7004CE9AD /* AICareSummaryService.swift */; };
		A5A0CF9F300F3F15004CE9AD /* AICareSummaryView.swift in Sources */ = {isa = PBXBuildFile; fileRef = A5A0CF9D300F3F15004CE9AD /* AICareSummaryView.swift */; };
		A5A0CFA1300F3F15004CE9AD /* CaregiverView.swift in Sources */ = {isa = PBXBuildFile; fileRef = A5A0CF9E300F3F15004CE9AD /* CaregiverView.swift */; };
		A5A0CFA4300F3F23004CE9AD /* KinCareAIIcon.swift in Sources */ = {isa = PBXBuildFile; fileRef = A5A0CFA3300F3F23004CE9AD /* KinCareAIIcon.swift */; };
		A5A0CFA7300F4938004CE9AD /* AITaskDraft.swift in Sources */ = {isa = PBXBuildFile; fileRef = A5A0CFA6300F4938004CE9AD /* AITaskDraft.swift */; };
		A5A0CFAB300F4945004CE9AD /* SpeechInputService.swift in Sources */ = {isa = PBXBuildFile; fileRef = A5A0CFAA300F4945004CE9AD /* SpeechInputService.swift */; };
		A5A0CFAC300F4945004CE9AD /* AITaskExtractionService.swift in Sources */ = {isa = PBXBuildFile; fileRef = A5A0CFA8300F4945004CE9AD /* AITaskExtractionService.swift */; };
		A5A0CFAF300F495A004CE9AD /* TodayView.swift in Sources */ = {isa = PBXBuildFile; fileRef = A5A0CFAE300F495A004CE9AD /* TodayView.swift */; };
		A5A0CFB1300F4966004CE9AD /* HelpRequestComposerView.swift in Sources */ = {isa = PBXBuildFile; fileRef = A5A0CFB0300F4966004CE9AD /* HelpRequestComposerView.swift */; };
		A5A0CFB3300F4972004CE9AD /* AITaskCaptureView.swift in Sources */ = {isa = PBXBuildFile; fileRef = A5A0CFB2300F4972004CE9AD /* AITaskCaptureView.swift */; };
		A5A0CFB5300F497B004CE9AD /* AddTaskView.swift in Sources */ = {isa = PBXBuildFile; fileRef = A5A0CFB4300F497B004CE9AD /* AddTaskView.swift */; };
		A5A0CFB8300F498E004CE9AD /* InsightCard.swift in Sources */ = {isa = PBXBuildFile; fileRef = A5A0CFB6300F498E004CE9AD /* InsightCard.swift */; };
		A5A0CFB9300F498E004CE9AD /* MessageComposerView.swift in Sources */ = {isa = PBXBuildFile; fileRef = A5A0CFB7300F498E004CE9AD /* MessageComposerView.swift */; };
		A5A0CFBB300F49DE004CE9AD /* InsightEngine.swift in Sources */ = {isa = PBXBuildFile; fileRef = A5A0CFBA300F49DE004CE9AD /* InsightEngine.swift */; };
/* End PBXBuildFile section */

/* Begin PBXContainerItemProxy section */
		A5C6C15A300603030036CE69 /* PBXContainerItemProxy */ = {
			isa = PBXContainerItemProxy;
			containerPortal = A5C6C142300603010036CE69 /* Project object */;
			proxyType = 1;
			remoteGlobalIDString = A5C6C149300603010036CE69;
			remoteInfo = KinCare;
		};
		A5C6C164300603030036CE69 /* PBXContainerItemProxy */ = {
			isa = PBXContainerItemProxy;
			containerPortal = A5C6C142300603010036CE69 /* Project object */;
			proxyType = 1;
			remoteGlobalIDString = A5C6C149300603010036CE69;
			remoteInfo = KinCare;
		};
/* End PBXContainerItemProxy section */

/* Begin PBXFileReference section */
		A507E46130060CF900D292AD /* README.md */ = {isa = PBXFileReference; lastKnownFileType = net.daringfireball.markdown; path = README.md; sourceTree = "<group>"; xcLanguageSpecificationIdentifier = xcode.lang.xcfilelist; };
		A594E4E5300F2C59005BC949 /* KinCareAppIntents.swift */ = {isa = PBXFileReference; lastKnownFileType = sourcecode.swift; path = KinCareAppIntents.swift; sourceTree = "<group>"; };
		A594E4E7300F2C59005BC949 /* CapacityCheckIn.swift */ = {isa = PBXFileReference; lastKnownFileType = sourcecode.swift; path = CapacityCheckIn.swift; sourceTree = "<group>"; };
		A594E4EE300F2C59005BC949 /* CareAIService.swift */ = {isa = PBXFileReference; lastKnownFileType = sourcecode.swift; path = CareAIService.swift; sourceTree = "<group>"; };
		A594E4F7300F2C59005BC949 /* CapacityCheckInView.swift */ = {isa = PBXFileReference; lastKnownFileType = sourcecode.swift; path = CapacityCheckInView.swift; sourceTree = "<group>"; };
		A594E4FB300F2C59005BC949 /* RootTabView.swift */ = {isa = PBXFileReference; lastKnownFileType = sourcecode.swift; path = RootTabView.swift; sourceTree = "<group>"; };
		A594E515300F2CAE005BC949 /* KinCareTheme.swift */ = {isa = PBXFileReference; lastKnownFileType = sourcecode.swift; path = KinCareTheme.swift; sourceTree = "<group>"; };
		A5A0CF62300F3000004CE9AD /* AppBootstrapper.swift */ = {isa = PBXFileReference; lastKnownFileType = sourcecode.swift; path = AppBootstrapper.swift; sourceTree = "<group>"; };
		A5A0CF64300F300E004CE9AD /* AddMemberView.swift */ = {isa = PBXFileReference; lastKnownFileType = sourcecode.swift; path = AddMemberView.swift; sourceTree = "<group>"; };
		A5A0CF6C300F33CF004CE9AD /* CalendarService.swift */ = {isa = PBXFileReference; lastKnownFileType = sourcecode.swift; path = CalendarService.swift; sourceTree = "<group>"; };
		A5A0CF6D300F33CF004CE9AD /* NotificationService.swift */ = {isa = PBXFileReference; lastKnownFileType = sourcecode.swift; path = NotificationService.swift; sourceTree = "<group>"; };
		A5A0CF6E300F33CF004CE9AD /* TaskCompletionService.swift */ = {isa = PBXFileReference; lastKnownFileType = sourcecode.swift; path = TaskCompletionService.swift; sourceTree = "<group>"; };
		A5A0CF73300F33E2004CE9AD /* AllCareTasksView.swift */ = {isa = PBXFileReference; lastKnownFileType = sourcecode.swift; path = AllCareTasksView.swift; sourceTree = "<group>"; };
		A5A0CF76300F33F2004CE9AD /* TasksView.swift */ = {isa = PBXFileReference; lastKnownFileType = sourcecode.swift; path = TasksView.swift; sourceTree = "<group>"; };
		A5A0CF7A300F33FF004CE9AD /* TaskRow.swift */ = {isa = PBXFileReference; lastKnownFileType = sourcecode.swift; path = TaskRow.swift; sourceTree = "<group>"; };
		A5A0CF7C300F376E004CE9AD /* CareCircleView.swift */ = {isa = PBXFileReference; lastKnownFileType = sourcecode.swift; path = CareCircleView.swift; sourceTree = "<group>"; };
		A5A0CF7E300F3775004CE9AD /* AppRootView.swift */ = {isa = PBXFileReference; lastKnownFileType = sourcecode.swift; path = AppRootView.swift; sourceTree = "<group>"; };
		A5A0CF82300F378E004CE9AD /* PhoneAuthService.swift */ = {isa = PBXFileReference; lastKnownFileType = sourcecode.swift; path = PhoneAuthService.swift; sourceTree = "<group>"; };
		A5A0CF84300F37A8004CE9AD /* AccountModels.swift */ = {isa = PBXFileReference; lastKnownFileType = sourcecode.swift; path = AccountModels.swift; sourceTree = "<group>"; };
		A5A0CF86300F37A8004CE9AD /* CareRecipient.swift */ = {isa = PBXFileReference; lastKnownFileType = sourcecode.swift; path = CareRecipient.swift; sourceTree = "<group>"; };
		A5A0CF8A300F37B4004CE9AD /* KinCareApp.swift */ = {isa = PBXFileReference; lastKnownFileType = sourcecode.swift; path = KinCareApp.swift; sourceTree = "<group>"; };
		A5A0CF8C300F3B1F004CE9AD /* CareAvailability.swift */ = {isa = PBXFileReference; lastKnownFileType = sourcecode.swift; path = CareAvailability.swift; sourceTree = "<group>"; };
		A5A0CF8D300F3B1F004CE9AD /* CareMember.swift */ = {isa = PBXFileReference; lastKnownFileType = sourcecode.swift; path = CareMember.swift; sourceTree = "<group>"; };
		A5A0CF90300F3B2C004CE9AD /* CareCrewInviteResolver.swift */ = {isa = PBXFileReference; lastKnownFileType = sourcecode.swift; path = CareCrewInviteResolver.swift; sourceTree = "<group>"; };
		A5A0CF92300F3B52004CE9AD /* OnboardingFlowView.swift */ = {isa = PBXFileReference; lastKnownFileType = sourcecode.swift; path = OnboardingFlowView.swift; sourceTree = "<group>"; };
		A5A0CF94300F3EDB004CE9AD /* CareTask.swift */ = {isa = PBXFileReference; lastKnownFileType = sourcecode.swift; path = CareTask.swift; sourceTree = "<group>"; };
		A5A0CF96300F3EE7004CE9AD /* AICareSummaryService.swift */ = {isa = PBXFileReference; lastKnownFileType = sourcecode.swift; path = AICareSummaryService.swift; sourceTree = "<group>"; };
		A5A0CF9D300F3F15004CE9AD /* AICareSummaryView.swift */ = {isa = PBXFileReference; lastKnownFileType = sourcecode.swift; path = AICareSummaryView.swift; sourceTree = "<group>"; };
		A5A0CF9E300F3F15004CE9AD /* CaregiverView.swift */ = {isa = PBXFileReference; lastKnownFileType = sourcecode.swift; path = CaregiverView.swift; sourceTree = "<group>"; };
		A5A0CFA3300F3F23004CE9AD /* KinCareAIIcon.swift */ = {isa = PBXFileReference; lastKnownFileType = sourcecode.swift; path = KinCareAIIcon.swift; sourceTree = "<group>"; };
		A5A0CFA6300F4938004CE9AD /* AITaskDraft.swift */ = {isa = PBXFileReference; lastKnownFileType = sourcecode.swift; path = AITaskDraft.swift; sourceTree = "<group>"; };
		A5A0CFA8300F4945004CE9AD /* AITaskExtractionService.swift */ = {isa = PBXFileReference; lastKnownFileType = sourcecode.swift; path = AITaskExtractionService.swift; sourceTree = "<group>"; };
		A5A0CFAA300F4945004CE9AD /* SpeechInputService.swift */ = {isa = PBXFileReference; lastKnownFileType = sourcecode.swift; path = SpeechInputService.swift; sourceTree = "<group>"; };
		A5A0CFAE300F495A004CE9AD /* TodayView.swift */ = {isa = PBXFileReference; lastKnownFileType = sourcecode.swift; path = TodayView.swift; sourceTree = "<group>"; };
		A5A0CFB0300F4966004CE9AD /* HelpRequestComposerView.swift */ = {isa = PBXFileReference; lastKnownFileType = sourcecode.swift; path = HelpRequestComposerView.swift; sourceTree = "<group>"; };
		A5A0CFB2300F4972004CE9AD /* AITaskCaptureView.swift */ = {isa = PBXFileReference; lastKnownFileType = sourcecode.swift; path = AITaskCaptureView.swift; sourceTree = "<group>"; };
		A5A0CFB4300F497B004CE9AD /* AddTaskView.swift */ = {isa = PBXFileReference; lastKnownFileType = sourcecode.swift; path = AddTaskView.swift; sourceTree = "<group>"; };
		A5A0CFB6300F498E004CE9AD /* InsightCard.swift */ = {isa = PBXFileReference; lastKnownFileType = sourcecode.swift; path = InsightCard.swift; sourceTree = "<group>"; };
		A5A0CFB7300F498E004CE9AD /* MessageComposerView.swift */ = {isa = PBXFileReference; lastKnownFileType = sourcecode.swift; path = MessageComposerView.swift; sourceTree = "<group>"; };
		A5A0CFBA300F49DE004CE9AD /* InsightEngine.swift */ = {isa = PBXFileReference; lastKnownFileType = sourcecode.swift; path = InsightEngine.swift; sourceTree = "<group>"; };
		A5C6C14A300603010036CE69 /* KinCare.app */ = {isa = PBXFileReference; explicitFileType = wrapper.application; includeInIndex = 0; path = KinCare.app; sourceTree = BUILT_PRODUCTS_DIR; };
		A5C6C159300603030036CE69 /* KinCareTests.xctest */ = {isa = PBXFileReference; explicitFileType = wrapper.cfbundle; includeInIndex = 0; path = KinCareTests.xctest; sourceTree = BUILT_PRODUCTS_DIR; };
		A5C6C163300603030036CE69 /* KinCareUITests.xctest */ = {isa = PBXFileReference; explicitFileType = wrapper.cfbundle; includeInIndex = 0; path = KinCareUITests.xctest; sourceTree = BUILT_PRODUCTS_DIR; };
/* End PBXFileReference section */

/* Begin PBXFileSystemSynchronizedRootGroup section */
		A5C6C15C300603030036CE69 /* KinCareTests */ = {
			isa = PBXFileSystemSynchronizedRootGroup;
			path = KinCareTests;
			sourceTree = "<group>";
		};
		A5C6C166300603030036CE69 /* KinCareUITests */ = {
			isa = PBXFileSystemSynchronizedRootGroup;
			path = KinCareUITests;
			sourceTree = "<group>";
		};
/* End PBXFileSystemSynchronizedRootGroup section */

/* Begin PBXFrameworksBuildPhase section */
		A5C6C147300603010036CE69 /* Frameworks */ = {
			isa = PBXFrameworksBuildPhase;
			buildActionMask = 2147483647;
			files = (
			);
			runOnlyForDeploymentPostprocessing = 0;
		};
		A5C6C156300603030036CE69 /* Frameworks */ = {
			isa = PBXFrameworksBuildPhase;
			buildActionMask = 2147483647;
			files = (
			);
			runOnlyForDeploymentPostprocessing = 0;
		};
		A5C6C160300603030036CE69 /* Frameworks */ = {
			isa = PBXFrameworksBuildPhase;
			buildActionMask = 2147483647;
			files = (
			);
			runOnlyForDeploymentPostprocessing = 0;
		};
/* End PBXFrameworksBuildPhase section */

/* Begin PBXGroup section */
		A594E4E6300F2C59005BC949 /* Intents */ = {
			isa = PBXGroup;
			children = (
				A594E4E5300F2C59005BC949 /* KinCareAppIntents.swift */,
			);
			path = Intents;
			sourceTree = "<group>";
		};
		A594E4EB300F2C59005BC949 /* Models */ = {
			isa = PBXGroup;
			children = (
				A594E4E7300F2C59005BC949 /* CapacityCheckIn.swift */,
				A5A0CF84300F37A8004CE9AD /* AccountModels.swift */,
				A5A0CF86300F37A8004CE9AD /* CareRecipient.swift */,
				A5A0CF8C300F3B1F004CE9AD /* CareAvailability.swift */,
				A5A0CF8D300F3B1F004CE9AD /* CareMember.swift */,
				A5A0CF94300F3EDB004CE9AD /* CareTask.swift */,
				A5A0CFA6300F4938004CE9AD /* AITaskDraft.swift */,
			);
			path = Models;
			sourceTree = "<group>";
		};
		A594E4F1300F2C59005BC949 /* Services */ = {
			isa = PBXGroup;
			children = (
				A594E4EE300F2C59005BC949 /* CareAIService.swift */,
				A5A0CF62300F3000004CE9AD /* AppBootstrapper.swift */,
				A5A0CF6C300F33CF004CE9AD /* CalendarService.swift */,
				A5A0CF6D300F33CF004CE9AD /* NotificationService.swift */,
				A5A0CF6E300F33CF004CE9AD /* TaskCompletionService.swift */,
				A5A0CF82300F378E004CE9AD /* PhoneAuthService.swift */,
				A5A0CF90300F3B2C004CE9AD /* CareCrewInviteResolver.swift */,
				A5A0CF96300F3EE7004CE9AD /* AICareSummaryService.swift */,
				A5A0CFA8300F4945004CE9AD /* AITaskExtractionService.swift */,
				A5A0CFAA300F4945004CE9AD /* SpeechInputService.swift */,
				A5A0CFBA300F49DE004CE9AD /* InsightEngine.swift */,
			);
			path = Services;
			sourceTree = "<group>";
		};
		A594E4F4300F2C59005BC949 /* Components */ = {
			isa = PBXGroup;
			children = (
				A5A0CF7A300F33FF004CE9AD /* TaskRow.swift */,
				A5A0CFA3300F3F23004CE9AD /* KinCareAIIcon.swift */,
				A5A0CFB6300F498E004CE9AD /* InsightCard.swift */,
				A5A0CFB7300F498E004CE9AD /* MessageComposerView.swift */,
			);
			path = Components;
			sourceTree = "<group>";
		};
		A594E4FE300F2C59005BC949 /* Views */ = {
			isa = PBXGroup;
			children = (
				A594E4F4300F2C59005BC949 /* Components */,
				A594E4F7300F2C59005BC949 /* CapacityCheckInView.swift */,
				A594E4FB300F2C59005BC949 /* RootTabView.swift */,
				A5A0CF64300F300E004CE9AD /* AddMemberView.swift */,
				A5A0CF73300F33E2004CE9AD /* AllCareTasksView.swift */,
				A5A0CF76300F33F2004CE9AD /* TasksView.swift */,
				A5A0CF7C300F376E004CE9AD /* CareCircleView.swift */,
				A5A0CF7E300F3775004CE9AD /* AppRootView.swift */,
				A5A0CF92300F3B52004CE9AD /* OnboardingFlowView.swift */,
				A5A0CF9D300F3F15004CE9AD /* AICareSummaryView.swift */,
				A5A0CF9E300F3F15004CE9AD /* CaregiverView.swift */,
				A5A0CFAE300F495A004CE9AD /* TodayView.swift */,
				A5A0CFB0300F4966004CE9AD /* HelpRequestComposerView.swift */,
				A5A0CFB2300F4972004CE9AD /* AITaskCaptureView.swift */,
				A5A0CFB4300F497B004CE9AD /* AddTaskView.swift */,
			);
			path = Views;
			sourceTree = "<group>";
		};
		A5C6C141300603010036CE69 = {
			isa = PBXGroup;
			children = (
				A594E515300F2CAE005BC949 /* KinCareTheme.swift */,
				A5C6C15C300603030036CE69 /* KinCareTests */,
				A5C6C166300603030036CE69 /* KinCareUITests */,
				A5C6C14B300603010036CE69 /* Products */,
				A507E46130060CF900D292AD /* README.md */,
				A594E4E6300F2C59005BC949 /* Intents */,
				A594E4F1300F2C59005BC949 /* Services */,
				A594E4FE300F2C59005BC949 /* Views */,
				A594E4EB300F2C59005BC949 /* Models */,
				A5A0CF8A300F37B4004CE9AD /* KinCareApp.swift */,
			);
			sourceTree = "<group>";
		};
		A5C6C14B300603010036CE69 /* Products */ = {
			isa = PBXGroup;
			children = (
				A5C6C14A300603010036CE69 /* KinCare.app */,
				A5C6C159300603030036CE69 /* KinCareTests.xctest */,
				A5C6C163300603030036CE69 /* KinCareUITests.xctest */,
			);
			name = Products;
			sourceTree = "<group>";
		};
/* End PBXGroup section */

/* Begin PBXNativeTarget section */
		A5C6C149300603010036CE69 /* KinCare */ = {
			isa = PBXNativeTarget;
			buildConfigurationList = A5C6C16D300603030036CE69 /* Build configuration list for PBXNativeTarget "KinCare" */;
			buildPhases = (
				A5C6C146300603010036CE69 /* Sources */,
				A5C6C147300603010036CE69 /* Frameworks */,
				A5C6C148300603010036CE69 /* Resources */,
			);
			buildRules = (
			);
			dependencies = (
			);
			name = KinCare;
			packageProductDependencies = (
			);
			productName = KinCare;
			productReference = A5C6C14A300603010036CE69 /* KinCare.app */;
			productType = "com.apple.product-type.application";
		};
		A5C6C158300603030036CE69 /* KinCareTests */ = {
			isa = PBXNativeTarget;
			buildConfigurationList = A5C6C170300603030036CE69 /* Build configuration list for PBXNativeTarget "KinCareTests" */;
			buildPhases = (
				A5C6C155300603030036CE69 /* Sources */,
				A5C6C156300603030036CE69 /* Frameworks */,
				A5C6C157300603030036CE69 /* Resources */,
			);
			buildRules = (
			);
			dependencies = (
				A5C6C15B300603030036CE69 /* PBXTargetDependency */,
			);
			fileSystemSynchronizedGroups = (
				A5C6C15C300603030036CE69 /* KinCareTests */,
			);
			name = KinCareTests;
			packageProductDependencies = (
			);
			productName = KinCareTests;
			productReference = A5C6C159300603030036CE69 /* KinCareTests.xctest */;
			productType = "com.apple.product-type.bundle.unit-test";
		};
		A5C6C162300603030036CE69 /* KinCareUITests */ = {
			isa = PBXNativeTarget;
			buildConfigurationList = A5C6C173300603030036CE69 /* Build configuration list for PBXNativeTarget "KinCareUITests" */;
			buildPhases = (
				A5C6C15F300603030036CE69 /* Sources */,
				A5C6C160300603030036CE69 /* Frameworks */,
				A5C6C161300603030036CE69 /* Resources */,
			);
			buildRules = (
			);
			dependencies = (
				A5C6C165300603030036CE69 /* PBXTargetDependency */,
			);
			fileSystemSynchronizedGroups = (
				A5C6C166300603030036CE69 /* KinCareUITests */,
			);
			name = KinCareUITests;
			packageProductDependencies = (
			);
			productName = KinCareUITests;
			productReference = A5C6C163300603030036CE69 /* KinCareUITests.xctest */;
			productType = "com.apple.product-type.bundle.ui-testing";
		};
/* End PBXNativeTarget section */

/* Begin PBXProject section */
		A5C6C142300603010036CE69 /* Project object */ = {
			isa = PBXProject;
			attributes = {
				BuildIndependentTargetsInParallel = 1;
				LastSwiftUpdateCheck = 2660;
				LastUpgradeCheck = 2660;
				TargetAttributes = {
					A5C6C149300603010036CE69 = {
						CreatedOnToolsVersion = 26.6;
					};
					A5C6C158300603030036CE69 = {
						CreatedOnToolsVersion = 26.6;
						TestTargetID = A5C6C149300603010036CE69;
					};
					A5C6C162300603030036CE69 = {
						CreatedOnToolsVersion = 26.6;
						TestTargetID = A5C6C149300603010036CE69;
					};
				};
			};
			buildConfigurationList = A5C6C145300603010036CE69 /* Build configuration list for PBXProject "KinCare" */;
			developmentRegion = en;
			hasScannedForEncodings = 0;
			knownRegions = (
				en,
				Base,
			);
			mainGroup = A5C6C141300603010036CE69;
			minimizedProjectReferenceProxies = 1;
			preferredProjectObjectVersion = 77;
			productRefGroup = A5C6C14B300603010036CE69 /* Products */;
			projectDirPath = "";
			projectRoot = "";
			targets = (
				A5C6C149300603010036CE69 /* KinCare */,
				A5C6C158300603030036CE69 /* KinCareTests */,
				A5C6C162300603030036CE69 /* KinCareUITests */,
			);
		};
/* End PBXProject section */

/* Begin PBXResourcesBuildPhase section */
		A5C6C148300603010036CE69 /* Resources */ = {
			isa = PBXResourcesBuildPhase;
			buildActionMask = 2147483647;
			files = (
				A507E46230060CF900D292AD /* README.md in Resources */,
			);
			runOnlyForDeploymentPostprocessing = 0;
		};
		A5C6C157300603030036CE69 /* Resources */ = {
			isa = PBXResourcesBuildPhase;
			buildActionMask = 2147483647;
			files = (
			);
			runOnlyForDeploymentPostprocessing = 0;
		};
		A5C6C161300603030036CE69 /* Resources */ = {
			isa = PBXResourcesBuildPhase;
			buildActionMask = 2147483647;
			files = (
			);
			runOnlyForDeploymentPostprocessing = 0;
		};
/* End PBXResourcesBuildPhase section */

/* Begin PBXSourcesBuildPhase section */
		A5C6C146300603010036CE69 /* Sources */ = {
			isa = PBXSourcesBuildPhase;
			buildActionMask = 2147483647;
			files = (
				A5A0CF7B300F33FF004CE9AD /* TaskRow.swift in Sources */,
				A5A0CF7D300F376E004CE9AD /* CareCircleView.swift in Sources */,
				A5A0CF87300F37A8004CE9AD /* AccountModels.swift in Sources */,
				A5A0CFB1300F4966004CE9AD /* HelpRequestComposerView.swift in Sources */,
				A5A0CF89300F37A8004CE9AD /* CareRecipient.swift in Sources */,
				A5A0CF79300F33F2004CE9AD /* TasksView.swift in Sources */,
				A5A0CFA7300F4938004CE9AD /* AITaskDraft.swift in Sources */,
				A5A0CF65300F300E004CE9AD /* AddMemberView.swift in Sources */,
				A5A0CFAF300F495A004CE9AD /* TodayView.swift in Sources */,
				A5A0CFA4300F3F23004CE9AD /* KinCareAIIcon.swift in Sources */,
				A5A0CFB5300F497B004CE9AD /* AddTaskView.swift in Sources */,
				A5A0CF95300F3EDB004CE9AD /* CareTask.swift in Sources */,
				A594E501300F2C59005BC949 /* CapacityCheckInView.swift in Sources */,
				A5A0CF8E300F3B1F004CE9AD /* CareMember.swift in Sources */,
				A5A0CF8F300F3B1F004CE9AD /* CareAvailability.swift in Sources */,
				A594E505300F2C59005BC949 /* CapacityCheckIn.swift in Sources */,
				A5A0CF93300F3B52004CE9AD /* OnboardingFlowView.swift in Sources */,
				A5A0CF6F300F33CF004CE9AD /* CalendarService.swift in Sources */,
				A5A0CF9F300F3F15004CE9AD /* AICareSummaryView.swift in Sources */,
				A5A0CFB3300F4972004CE9AD /* AITaskCaptureView.swift in Sources */,
				A5A0CFA1300F3F15004CE9AD /* CaregiverView.swift in Sources */,
				A5A0CF70300F33CF004CE9AD /* NotificationService.swift in Sources */,
				A5A0CF71300F33CF004CE9AD /* TaskCompletionService.swift in Sources */,
				A594E506300F2C59005BC949 /* CareAIService.swift in Sources */,
				A5A0CFAB300F4945004CE9AD /* SpeechInputService.swift in Sources */,
				A5A0CFBB300F49DE004CE9AD /* InsightEngine.swift in Sources */,
				A5A0CFAC300F4945004CE9AD /* AITaskExtractionService.swift in Sources */,
				A5A0CFB8300F498E004CE9AD /* InsightCard.swift in Sources */,
				A5A0CFB9300F498E004CE9AD /* MessageComposerView.swift in Sources */,
				A5A0CF83300F378E004CE9AD /* PhoneAuthService.swift in Sources */,
				A5A0CF8B300F37B4004CE9AD /* KinCareApp.swift in Sources */,
				A5A0CF91300F3B2C004CE9AD /* CareCrewInviteResolver.swift in Sources */,
				A5A0CF97300F3EE7004CE9AD /* AICareSummaryService.swift in Sources */,
				A5A0CF75300F33E2004CE9AD /* AllCareTasksView.swift in Sources */,
				A594E50F300F2C59005BC949 /* RootTabView.swift in Sources */,
				A5A0CF7F300F3775004CE9AD /* AppRootView.swift in Sources */,
				A594E516300F2CAE005BC949 /* KinCareTheme.swift in Sources */,
				A5A0CF63300F3000004CE9AD /* AppBootstrapper.swift in Sources */,
				A594E512300F2C59005BC949 /* KinCareAppIntents.swift in Sources */,
			);
			runOnlyForDeploymentPostprocessing = 0;
		};
		A5C6C155300603030036CE69 /* Sources */ = {
			isa = PBXSourcesBuildPhase;
			buildActionMask = 2147483647;
			files = (
			);
			runOnlyForDeploymentPostprocessing = 0;
		};
		A5C6C15F300603030036CE69 /* Sources */ = {
			isa = PBXSourcesBuildPhase;
			buildActionMask = 2147483647;
			files = (
			);
			runOnlyForDeploymentPostprocessing = 0;
		};
/* End PBXSourcesBuildPhase section */

/* Begin PBXTargetDependency section */
		A5C6C15B300603030036CE69 /* PBXTargetDependency */ = {
			isa = PBXTargetDependency;
			target = A5C6C149300603010036CE69 /* KinCare */;
			targetProxy = A5C6C15A300603030036CE69 /* PBXContainerItemProxy */;
		};
		A5C6C165300603030036CE69 /* PBXTargetDependency */ = {
			isa = PBXTargetDependency;
			target = A5C6C149300603010036CE69 /* KinCare */;
			targetProxy = A5C6C164300603030036CE69 /* PBXContainerItemProxy */;
		};
/* End PBXTargetDependency section */

/* Begin XCBuildConfiguration section */
		A5C6C16B300603030036CE69 /* Debug */ = {
			isa = XCBuildConfiguration;
			buildSettings = {
				ALWAYS_SEARCH_USER_PATHS = NO;
				ASSETCATALOG_COMPILER_GENERATE_SWIFT_ASSET_SYMBOL_EXTENSIONS = YES;
				CLANG_ANALYZER_NONNULL = YES;
				CLANG_ANALYZER_NUMBER_OBJECT_CONVERSION = YES_AGGRESSIVE;
				CLANG_CXX_LANGUAGE_STANDARD = "gnu++20";
				CLANG_ENABLE_MODULES = YES;
				CLANG_ENABLE_OBJC_ARC = YES;
				CLANG_ENABLE_OBJC_WEAK = YES;
				CLANG_WARN_BLOCK_CAPTURE_AUTORELEASING = YES;
				CLANG_WARN_BOOL_CONVERSION = YES;
				CLANG_WARN_COMMA = YES;
				CLANG_WARN_CONSTANT_CONVERSION = YES;
				CLANG_WARN_DEPRECATED_OBJC_IMPLEMENTATIONS = YES;
				CLANG_WARN_DIRECT_OBJC_ISA_USAGE = YES_ERROR;
				CLANG_WARN_DOCUMENTATION_COMMENTS = YES;
				CLANG_WARN_EMPTY_BODY = YES;
				CLANG_WARN_ENUM_CONVERSION = YES;
				CLANG_WARN_INFINITE_RECURSION = YES;
				CLANG_WARN_INT_CONVERSION = YES;
				CLANG_WARN_NON_LITERAL_NULL_CONVERSION = YES;
				CLANG_WARN_OBJC_IMPLICIT_RETAIN_SELF = YES;
				CLANG_WARN_OBJC_LITERAL_CONVERSION = YES;
				CLANG_WARN_OBJC_ROOT_CLASS = YES_ERROR;
				CLANG_WARN_QUOTED_INCLUDE_IN_FRAMEWORK_HEADER = YES;
				CLANG_WARN_RANGE_LOOP_ANALYSIS = YES;
				CLANG_WARN_STRICT_PROTOTYPES = YES;
				CLANG_WARN_SUSPICIOUS_MOVE = YES;
				CLANG_WARN_UNGUARDED_AVAILABILITY = YES_AGGRESSIVE;
				CLANG_WARN_UNREACHABLE_CODE = YES;
				CLANG_WARN__DUPLICATE_METHOD_MATCH = YES;
				COPY_PHASE_STRIP = NO;
				DEBUG_INFORMATION_FORMAT = dwarf;
				ENABLE_STRICT_OBJC_MSGSEND = YES;
				ENABLE_TESTABILITY = YES;
				ENABLE_USER_SCRIPT_SANDBOXING = YES;
				GCC_C_LANGUAGE_STANDARD = gnu17;
				GCC_DYNAMIC_NO_PIC = NO;
				GCC_NO_COMMON_BLOCKS = YES;
				GCC_OPTIMIZATION_LEVEL = 0;
				GCC_PREPROCESSOR_DEFINITIONS = (
					"DEBUG=1",
					"$(inherited)",
				);
				GCC_WARN_64_TO_32_BIT_CONVERSION = YES;
				GCC_WARN_ABOUT_RETURN_TYPE = YES_ERROR;
				GCC_WARN_UNDECLARED_SELECTOR = YES;
				GCC_WARN_UNINITIALIZED_AUTOS = YES_AGGRESSIVE;
				GCC_WARN_UNUSED_FUNCTION = YES;
				GCC_WARN_UNUSED_VARIABLE = YES;
				IPHONEOS_DEPLOYMENT_TARGET = 26.5;
				LOCALIZATION_PREFERS_STRING_CATALOGS = YES;
				MTL_ENABLE_DEBUG_INFO = INCLUDE_SOURCE;
				MTL_FAST_MATH = YES;
				ONLY_ACTIVE_ARCH = YES;
				SDKROOT = iphoneos;
				SWIFT_ACTIVE_COMPILATION_CONDITIONS = "DEBUG $(inherited)";
				SWIFT_OPTIMIZATION_LEVEL = "-Onone";
			};
			name = Debug;
		};
		A5C6C16C300603030036CE69 /* Release */ = {
			isa = XCBuildConfiguration;
			buildSettings = {
				ALWAYS_SEARCH_USER_PATHS = NO;
				ASSETCATALOG_COMPILER_GENERATE_SWIFT_ASSET_SYMBOL_EXTENSIONS = YES;
				CLANG_ANALYZER_NONNULL = YES;
				CLANG_ANALYZER_NUMBER_OBJECT_CONVERSION = YES_AGGRESSIVE;
				CLANG_CXX_LANGUAGE_STANDARD = "gnu++20";
				CLANG_ENABLE_MODULES = YES;
				CLANG_ENABLE_OBJC_ARC = YES;
				CLANG_ENABLE_OBJC_WEAK = YES;
				CLANG_WARN_BLOCK_CAPTURE_AUTORELEASING = YES;
				CLANG_WARN_BOOL_CONVERSION = YES;
				CLANG_WARN_COMMA = YES;
				CLANG_WARN_CONSTANT_CONVERSION = YES;
				CLANG_WARN_DEPRECATED_OBJC_IMPLEMENTATIONS = YES;
				CLANG_WARN_DIRECT_OBJC_ISA_USAGE = YES_ERROR;
				CLANG_WARN_DOCUMENTATION_COMMENTS = YES;
				CLANG_WARN_EMPTY_BODY = YES;
				CLANG_WARN_ENUM_CONVERSION = YES;
				CLANG_WARN_INFINITE_RECURSION = YES;
				CLANG_WARN_INT_CONVERSION = YES;
				CLANG_WARN_NON_LITERAL_NULL_CONVERSION = YES;
				CLANG_WARN_OBJC_IMPLICIT_RETAIN_SELF = YES;
				CLANG_WARN_OBJC_LITERAL_CONVERSION = YES;
				CLANG_WARN_OBJC_ROOT_CLASS = YES_ERROR;
				CLANG_WARN_QUOTED_INCLUDE_IN_FRAMEWORK_HEADER = YES;
				CLANG_WARN_RANGE_LOOP_ANALYSIS = YES;
				CLANG_WARN_STRICT_PROTOTYPES = YES;
				CLANG_WARN_SUSPICIOUS_MOVE = YES;
				CLANG_WARN_UNGUARDED_AVAILABILITY = YES_AGGRESSIVE;
				CLANG_WARN_UNREACHABLE_CODE = YES;
				CLANG_WARN__DUPLICATE_METHOD_MATCH = YES;
				COPY_PHASE_STRIP = NO;
				DEBUG_INFORMATION_FORMAT = "dwarf-with-dsym";
				ENABLE_NS_ASSERTIONS = NO;
				ENABLE_STRICT_OBJC_MSGSEND = YES;
				ENABLE_USER_SCRIPT_SANDBOXING = YES;
				GCC_C_LANGUAGE_STANDARD = gnu17;
				GCC_NO_COMMON_BLOCKS = YES;
				GCC_WARN_64_TO_32_BIT_CONVERSION = YES;
				GCC_WARN_ABOUT_RETURN_TYPE = YES_ERROR;
				GCC_WARN_UNDECLARED_SELECTOR = YES;
				GCC_WARN_UNINITIALIZED_AUTOS = YES_AGGRESSIVE;
				GCC_WARN_UNUSED_FUNCTION = YES;
				GCC_WARN_UNUSED_VARIABLE = YES;
				IPHONEOS_DEPLOYMENT_TARGET = 26.5;
				LOCALIZATION_PREFERS_STRING_CATALOGS = YES;
				MTL_ENABLE_DEBUG_INFO = NO;
				MTL_FAST_MATH = YES;
				SDKROOT = iphoneos;
				SWIFT_COMPILATION_MODE = wholemodule;
				VALIDATE_PRODUCT = YES;
			};
			name = Release;
		};
		A5C6C16E300603030036CE69 /* Debug */ = {
			isa = XCBuildConfiguration;
			buildSettings = {
				ASSETCATALOG_COMPILER_APPICON_NAME = AppIcon;
				ASSETCATALOG_COMPILER_GLOBAL_ACCENT_COLOR_NAME = AccentColor;
				CODE_SIGN_STYLE = Automatic;
				CURRENT_PROJECT_VERSION = 1;
				DEVELOPMENT_TEAM = 37567X4CDH;
				ENABLE_PREVIEWS = YES;
				GENERATE_INFOPLIST_FILE = YES;
				INFOPLIST_KEY_UIApplicationSceneManifest_Generation = YES;
				INFOPLIST_KEY_UIApplicationSupportsIndirectInputEvents = YES;
				INFOPLIST_KEY_UILaunchScreen_Generation = YES;
				INFOPLIST_KEY_UISupportedInterfaceOrientations_iPad = "UIInterfaceOrientationPortrait UIInterfaceOrientationPortraitUpsideDown UIInterfaceOrientationLandscapeLeft UIInterfaceOrientationLandscapeRight";
				INFOPLIST_KEY_UISupportedInterfaceOrientations_iPhone = "UIInterfaceOrientationPortrait UIInterfaceOrientationLandscapeLeft UIInterfaceOrientationLandscapeRight";
				LD_RUNPATH_SEARCH_PATHS = (
					"$(inherited)",
					"@executable_path/Frameworks",
				);
				MARKETING_VERSION = 1.0;
				PRODUCT_BUNDLE_IDENTIFIER = com.zeespanto.KinCare;
				PRODUCT_NAME = "$(TARGET_NAME)";
				STRING_CATALOG_GENERATE_SYMBOLS = YES;
				SWIFT_APPROACHABLE_CONCURRENCY = YES;
				SWIFT_DEFAULT_ACTOR_ISOLATION = MainActor;
				SWIFT_EMIT_LOC_STRINGS = YES;
				SWIFT_UPCOMING_FEATURE_MEMBER_IMPORT_VISIBILITY = YES;
				SWIFT_VERSION = 5.0;
				TARGETED_DEVICE_FAMILY = "1,2";
			};
			name = Debug;
		};
		A5C6C16F300603030036CE69 /* Release */ = {
			isa = XCBuildConfiguration;
			buildSettings = {
				ASSETCATALOG_COMPILER_APPICON_NAME = AppIcon;
				ASSETCATALOG_COMPILER_GLOBAL_ACCENT_COLOR_NAME = AccentColor;
				CODE_SIGN_STYLE = Automatic;
				CURRENT_PROJECT_VERSION = 1;
				DEVELOPMENT_TEAM = 37567X4CDH;
				ENABLE_PREVIEWS = YES;
				GENERATE_INFOPLIST_FILE = YES;
				INFOPLIST_KEY_UIApplicationSceneManifest_Generation = YES;
				INFOPLIST_KEY_UIApplicationSupportsIndirectInputEvents = YES;
				INFOPLIST_KEY_UILaunchScreen_Generation = YES;
				INFOPLIST_KEY_UISupportedInterfaceOrientations_iPad = "UIInterfaceOrientationPortrait UIInterfaceOrientationPortraitUpsideDown UIInterfaceOrientationLandscapeLeft UIInterfaceOrientationLandscapeRight";
				INFOPLIST_KEY_UISupportedInterfaceOrientations_iPhone = "UIInterfaceOrientationPortrait UIInterfaceOrientationLandscapeLeft UIInterfaceOrientationLandscapeRight";
				LD_RUNPATH_SEARCH_PATHS = (
					"$(inherited)",
					"@executable_path/Frameworks",
				);
				MARKETING_VERSION = 1.0;
				PRODUCT_BUNDLE_IDENTIFIER = com.zeespanto.KinCare;
				PRODUCT_NAME = "$(TARGET_NAME)";
				STRING_CATALOG_GENERATE_SYMBOLS = YES;
				SWIFT_APPROACHABLE_CONCURRENCY = YES;
				SWIFT_DEFAULT_ACTOR_ISOLATION = MainActor;
				SWIFT_EMIT_LOC_STRINGS = YES;
				SWIFT_UPCOMING_FEATURE_MEMBER_IMPORT_VISIBILITY = YES;
				SWIFT_VERSION = 5.0;
				TARGETED_DEVICE_FAMILY = "1,2";
			};
			name = Release;
		};
		A5C6C171300603030036CE69 /* Debug */ = {
			isa = XCBuildConfiguration;
			buildSettings = {
				BUNDLE_LOADER = "$(TEST_HOST)";
				CODE_SIGN_STYLE = Automatic;
				CURRENT_PROJECT_VERSION = 1;
				GENERATE_INFOPLIST_FILE = YES;
				IPHONEOS_DEPLOYMENT_TARGET = 26.5;
				MARKETING_VERSION = 1.0;
				PRODUCT_BUNDLE_IDENTIFIER = com.zeespanto.KinCareTests;
				PRODUCT_NAME = "$(TARGET_NAME)";
				STRING_CATALOG_GENERATE_SYMBOLS = NO;
				SWIFT_APPROACHABLE_CONCURRENCY = YES;
				SWIFT_EMIT_LOC_STRINGS = NO;
				SWIFT_UPCOMING_FEATURE_MEMBER_IMPORT_VISIBILITY = YES;
				SWIFT_VERSION = 5.0;
				TARGETED_DEVICE_FAMILY = "1,2";
				TEST_HOST = "$(BUILT_PRODUCTS_DIR)/KinCare.app/$(BUNDLE_EXECUTABLE_FOLDER_PATH)/KinCare";
			};
			name = Debug;
		};
		A5C6C172300603030036CE69 /* Release */ = {
			isa = XCBuildConfiguration;
			buildSettings = {
				BUNDLE_LOADER = "$(TEST_HOST)";
				CODE_SIGN_STYLE = Automatic;
				CURRENT_PROJECT_VERSION = 1;
				GENERATE_INFOPLIST_FILE = YES;
				IPHONEOS_DEPLOYMENT_TARGET = 26.5;
				MARKETING_VERSION = 1.0;
				PRODUCT_BUNDLE_IDENTIFIER = com.zeespanto.KinCareTests;
				PRODUCT_NAME = "$(TARGET_NAME)";
				STRING_CATALOG_GENERATE_SYMBOLS = NO;
				SWIFT_APPROACHABLE_CONCURRENCY = YES;
				SWIFT_EMIT_LOC_STRINGS = NO;
				SWIFT_UPCOMING_FEATURE_MEMBER_IMPORT_VISIBILITY = YES;
				SWIFT_VERSION = 5.0;
				TARGETED_DEVICE_FAMILY = "1,2";
				TEST_HOST = "$(BUILT_PRODUCTS_DIR)/KinCare.app/$(BUNDLE_EXECUTABLE_FOLDER_PATH)/KinCare";
			};
			name = Release;
		};
		A5C6C174300603030036CE69 /* Debug */ = {
			isa = XCBuildConfiguration;
			buildSettings = {
				CODE_SIGN_STYLE = Automatic;
				CURRENT_PROJECT_VERSION = 1;
				GENERATE_INFOPLIST_FILE = YES;
				MARKETING_VERSION = 1.0;
				PRODUCT_BUNDLE_IDENTIFIER = com.zeespanto.KinCareUITests;
				PRODUCT_NAME = "$(TARGET_NAME)";
				STRING_CATALOG_GENERATE_SYMBOLS = NO;
				SWIFT_APPROACHABLE_CONCURRENCY = YES;
				SWIFT_EMIT_LOC_STRINGS = NO;
				SWIFT_UPCOMING_FEATURE_MEMBER_IMPORT_VISIBILITY = YES;
				SWIFT_VERSION = 5.0;
				TARGETED_DEVICE_FAMILY = "1,2";
				TEST_TARGET_NAME = KinCare;
			};
			name = Debug;
		};
		A5C6C175300603030036CE69 /* Release */ = {
			isa = XCBuildConfiguration;
			buildSettings = {
				CODE_SIGN_STYLE = Automatic;
				CURRENT_PROJECT_VERSION = 1;
				GENERATE_INFOPLIST_FILE = YES;
				MARKETING_VERSION = 1.0;
				PRODUCT_BUNDLE_IDENTIFIER = com.zeespanto.KinCareUITests;
				PRODUCT_NAME = "$(TARGET_NAME)";
				STRING_CATALOG_GENERATE_SYMBOLS = NO;
				SWIFT_APPROACHABLE_CONCURRENCY = YES;
				SWIFT_EMIT_LOC_STRINGS = NO;
				SWIFT_UPCOMING_FEATURE_MEMBER_IMPORT_VISIBILITY = YES;
				SWIFT_VERSION = 5.0;
				TARGETED_DEVICE_FAMILY = "1,2";
				TEST_TARGET_NAME = KinCare;
			};
			name = Release;
		};
/* End XCBuildConfiguration section */

/* Begin XCConfigurationList section */
		A5C6C145300603010036CE69 /* Build configuration list for PBXProject "KinCare" */ = {
			isa = XCConfigurationList;
			buildConfigurations = (
				A5C6C16B300603030036CE69 /* Debug */,
				A5C6C16C300603030036CE69 /* Release */,
			);
			defaultConfigurationIsVisible = 0;
			defaultConfigurationName = Release;
		};
		A5C6C16D300603030036CE69 /* Build configuration list for PBXNativeTarget "KinCare" */ = {
			isa = XCConfigurationList;
			buildConfigurations = (
				A5C6C16E300603030036CE69 /* Debug */,
				A5C6C16F300603030036CE69 /* Release */,
			);
			defaultConfigurationIsVisible = 0;
			defaultConfigurationName = Release;
		};
		A5C6C170300603030036CE69 /* Build configuration list for PBXNativeTarget "KinCareTests" */ = {
			isa = XCConfigurationList;
			buildConfigurations = (
				A5C6C171300603030036CE69 /* Debug */,
				A5C6C172300603030036CE69 /* Release */,
			);
			defaultConfigurationIsVisible = 0;
			defaultConfigurationName = Release;
		};
		A5C6C173300603030036CE69 /* Build configuration list for PBXNativeTarget "KinCareUITests" */ = {
			isa = XCConfigurationList;
			buildConfigurations = (
				A5C6C174300603030036CE69 /* Debug */,
				A5C6C175300603030036CE69 /* Release */,
			);
			defaultConfigurationIsVisible = 0;
			defaultConfigurationName = Release;
		};
/* End XCConfigurationList section */
	};
	rootObject = A5C6C142300603010036CE69 /* Project object */;
}
