// !$*UTF8*$!
{
	archiveVersion = 1;
	classes = {
	};
	objectVersion = 77;
	objects = {

/* Begin PBXBuildFile section */
		A507E46230060CF900D292AD /* README.md in Resources */ = {isa = PBXBuildFile; fileRef = A507E46130060CF900D292AD /* README.md */; };
		A507E4913006104200D292AD /* 5_home.png in Resources */ = {isa = PBXBuildFile; fileRef = A507E48D3006104200D292AD /* 5_home.png */; };
		A507E4923006104200D292AD /* 1_signup.png in Resources */ = {isa = PBXBuildFile; fileRef = A507E48B3006104200D292AD /* 1_signup.png */; };
		A507E4933006104200D292AD /* 7_you.png in Resources */ = {isa = PBXBuildFile; fileRef = A507E48F3006104200D292AD /* 7_you.png */; };
		A507E4943006104200D292AD /* 6_circle.png in Resources */ = {isa = PBXBuildFile; fileRef = A507E48E3006104200D292AD /* 6_circle.png */; };
		A507E4953006104200D292AD /* 3_helpmost.png in Resources */ = {isa = PBXBuildFile; fileRef = A507E48C3006104200D292AD /* 3_helpmost.png */; };
/* End PBXBuildFile section */

/* Begin PBXContainerItemProxy section */
		A5C6C15A300603030036CE69 /* PBXContainerItemProxy */ = {
			isa = PBXContainerItemProxy;
			containerPortal = A5C6C142300603010036CE69 /* Project object */;
			proxyType = 1;
			remoteGlobalIDString = A5C6C149300603010036CE69;
			remoteInfo = KinCare;
		};
		A5C6C164300603030036CE69 /* PBXContainerItemProxy */ = {
			isa = PBXContainerItemProxy;
			containerPortal = A5C6C142300603010036CE69 /* Project object */;
			proxyType = 1;
			remoteGlobalIDString = A5C6C149300603010036CE69;
			remoteInfo = KinCare;
		};
/* End PBXContainerItemProxy section */

/* Begin PBXFileReference section */
		A507E46130060CF900D292AD /* README.md */ = {isa = PBXFileReference; lastKnownFileType = net.daringfireball.markdown; path = README.md; sourceTree = "<group>"; };
		A507E48B3006104200D292AD /* 1_signup.png */ = {isa = PBXFileReference; lastKnownFileType = image.png; path = 1_signup.png; sourceTree = "<group>"; };
		A507E48C3006104200D292AD /* 3_helpmost.png */ = {isa = PBXFileReference; lastKnownFileType = image.png; path = 3_helpmost.png; sourceTree = "<group>"; };
		A507E48D3006104200D292AD /* 5_home.png */ = {isa = PBXFileReference; lastKnownFileType = image.png; path = 5_home.png; sourceTree = "<group>"; };
		A507E48E3006104200D292AD /* 6_circle.png */ = {isa = PBXFileReference; lastKnownFileType = image.png; path = 6_circle.png; sourceTree = "<group>"; };
		A507E48F3006104200D292AD /* 7_you.png */ = {isa = PBXFileReference; lastKnownFileType = image.png; path = 7_you.png; sourceTree = "<group>"; };
		A5C6C14A300603010036CE69 /* KinCare.app */ = {isa = PBXFileReference; explicitFileType = wrapper.application; includeInIndex = 0; path = KinCare.app; sourceTree = BUILT_PRODUCTS_DIR; };
		A5C6C159300603030036CE69 /* KinCareTests.xctest */ = {isa = PBXFileReference; explicitFileType = wrapper.cfbundle; includeInIndex = 0; path = KinCareTests.xctest; sourceTree = BUILT_PRODUCTS_DIR; };
		A5C6C163300603030036CE69 /* KinCareUITests.xctest */ = {isa = PBXFileReference; explicitFileType = wrapper.cfbundle; includeInIndex = 0; path = KinCareUITests.xctest; sourceTree = BUILT_PRODUCTS_DIR; };
/* End PBXFileReference section */

/* Begin PBXFileSystemSynchronizedRootGroup section */
		A5C6C14C300603010036CE69 /* KinCare */ = {
			isa = PBXFileSystemSynchronizedRootGroup;
			path = KinCare;
			sourceTree = "<group>";
		};
		A5C6C15C300603030036CE69 /* KinCareTests */ = {
			isa = PBXFileSystemSynchronizedRootGroup;
			path = KinCareTests;
			sourceTree = "<group>";
		};
		A5C6C166300603030036CE69 /* KinCareUITests */ = {
			isa = PBXFileSystemSynchronizedRootGroup;
			path = KinCareUITests;
			sourceTree = "<group>";
		};
/* End PBXFileSystemSynchronizedRootGroup section */

/* Begin PBXFrameworksBuildPhase section */
		A5C6C147300603010036CE69 /* Frameworks */ = {
			isa = PBXFrameworksBuildPhase;
			buildActionMask = 2147483647;
			files = (
			);
			runOnlyForDeploymentPostprocessing = 0;
		};
		A5C6C156300603030036CE69 /* Frameworks */ = {
			isa = PBXFrameworksBuildPhase;
			buildActionMask = 2147483647;
			files = (
			);
			runOnlyForDeploymentPostprocessing = 0;
		};
		A5C6C160300603030036CE69 /* Frameworks */ = {
			isa = PBXFrameworksBuildPhase;
			buildActionMask = 2147483647;
			files = (
			);
			runOnlyForDeploymentPostprocessing = 0;
		};
/* End PBXFrameworksBuildPhase section */

/* Begin PBXGroup section */
		A507E4903006104200D292AD /* Screen_Previews */ = {
			isa = PBXGroup;
			children = (
				A507E48B3006104200D292AD /* 1_signup.png */,
				A507E48C3006104200D292AD /* 3_helpmost.png */,
				A507E48D3006104200D292AD /* 5_home.png */,
				A507E48E3006104200D292AD /* 6_circle.png */,
				A507E48F3006104200D292AD /* 7_you.png */,
			);
			path = Screen_Previews;
			sourceTree = "<group>";
		};
		A5C6C141300603010036CE69 = {
			isa = PBXGroup;
			children = (
				A5C6C14C300603010036CE69 /* KinCare */,
				A5C6C15C300603030036CE69 /* KinCareTests */,
				A5C6C166300603030036CE69 /* KinCareUITests */,
				A5C6C14B300603010036CE69 /* Products */,
				A507E46130060CF900D292AD /* README.md */,
				A507E4903006104200D292AD /* Screen_Previews */,
			);
			sourceTree = "<group>";
		};
		A5C6C14B300603010036CE69 /* Products */ = {
			isa = PBXGroup;
			children = (
				A5C6C14A300603010036CE69 /* KinCare.app */,
				A5C6C159300603030036CE69 /* KinCareTests.xctest */,
				A5C6C163300603030036CE69 /* KinCareUITests.xctest */,
			);
			name = Products;
			sourceTree = "<group>";
		};
/* End PBXGroup section */

/* Begin PBXNativeTarget section */
		A5C6C149300603010036CE69 /* KinCare */ = {
			isa = PBXNativeTarget;
			buildConfigurationList = A5C6C16D300603030036CE69 /* Build configuration list for PBXNativeTarget "KinCare" */;
			buildPhases = (
				A5C6C146300603010036CE69 /* Sources */,
				A5C6C147300603010036CE69 /* Frameworks */,
				A5C6C148300603010036CE69 /* Resources */,
			);
			buildRules = (
			);
			dependencies = (
			);
			fileSystemSynchronizedGroups = (
				A5C6C14C300603010036CE69 /* KinCare */,
			);
			name = KinCare;
			packageProductDependencies = (
			);
			productName = KinCare;
			productReference = A5C6C14A300603010036CE69 /* KinCare.app */;
			productType = "com.apple.product-type.application";
		};
		A5C6C158300603030036CE69 /* KinCareTests */ = {
			isa = PBXNativeTarget;
			buildConfigurationList = A5C6C170300603030036CE69 /* Build configuration list for PBXNativeTarget "KinCareTests" */;
			buildPhases = (
				A5C6C155300603030036CE69 /* Sources */,
				A5C6C156300603030036CE69 /* Frameworks */,
				A5C6C157300603030036CE69 /* Resources */,
			);
			buildRules = (
			);
			dependencies = (
				A5C6C15B300603030036CE69 /* PBXTargetDependency */,
			);
			fileSystemSynchronizedGroups = (
				A5C6C15C300603030036CE69 /* KinCareTests */,
			);
			name = KinCareTests;
			packageProductDependencies = (
			);
			productName = KinCareTests;
			productReference = A5C6C159300603030036CE69 /* KinCareTests.xctest */;
			productType = "com.apple.product-type.bundle.unit-test";
		};
		A5C6C162300603030036CE69 /* KinCareUITests */ = {
			isa = PBXNativeTarget;
			buildConfigurationList = A5C6C173300603030036CE69 /* Build configuration list for PBXNativeTarget "KinCareUITests" */;
			buildPhases = (
				A5C6C15F300603030036CE69 /* Sources */,
				A5C6C160300603030036CE69 /* Frameworks */,
				A5C6C161300603030036CE69 /* Resources */,
			);
			buildRules = (
			);
			dependencies = (
				A5C6C165300603030036CE69 /* PBXTargetDependency */,
			);
			fileSystemSynchronizedGroups = (
				A5C6C166300603030036CE69 /* KinCareUITests */,
			);
			name = KinCareUITests;
			packageProductDependencies = (
			);
			productName = KinCareUITests;
			productReference = A5C6C163300603030036CE69 /* KinCareUITests.xctest */;
			productType = "com.apple.product-type.bundle.ui-testing";
		};
/* End PBXNativeTarget section */

/* Begin PBXProject section */
		A5C6C142300603010036CE69 /* Project object */ = {
			isa = PBXProject;
			attributes = {
				BuildIndependentTargetsInParallel = 1;
				LastSwiftUpdateCheck = 2660;
				LastUpgradeCheck = 2660;
				TargetAttributes = {
					A5C6C149300603010036CE69 = {
						CreatedOnToolsVersion = 26.6;
					};
					A5C6C158300603030036CE69 = {
						CreatedOnToolsVersion = 26.6;
						TestTargetID = A5C6C149300603010036CE69;
					};
					A5C6C162300603030036CE69 = {
						CreatedOnToolsVersion = 26.6;
						TestTargetID = A5C6C149300603010036CE69;
					};
				};
			};
			buildConfigurationList = A5C6C145300603010036CE69 /* Build configuration list for PBXProject "KinCare" */;
			developmentRegion = en;
			hasScannedForEncodings = 0;
			knownRegions = (
				en,
				Base,
			);
			mainGroup = A5C6C141300603010036CE69;
			minimizedProjectReferenceProxies = 1;
			preferredProjectObjectVersion = 77;
			productRefGroup = A5C6C14B300603010036CE69 /* Products */;
			projectDirPath = "";
			projectRoot = "";
			targets = (
				A5C6C149300603010036CE69 /* KinCare */,
				A5C6C158300603030036CE69 /* KinCareTests */,
				A5C6C162300603030036CE69 /* KinCareUITests */,
			);
		};
/* End PBXProject section */

/* Begin PBXResourcesBuildPhase section */
		A5C6C148300603010036CE69 /* Resources */ = {
			isa = PBXResourcesBuildPhase;
			buildActionMask = 2147483647;
			files = (
				A507E4913006104200D292AD /* 5_home.png in Resources */,
				A507E4923006104200D292AD /* 1_signup.png in Resources */,
				A507E4933006104200D292AD /* 7_you.png in Resources */,
				A507E4943006104200D292AD /* 6_circle.png in Resources */,
				A507E4953006104200D292AD /* 3_helpmost.png in Resources */,
				A507E46230060CF900D292AD /* README.md in Resources */,
			);
			runOnlyForDeploymentPostprocessing = 0;
		};
		A5C6C157300603030036CE69 /* Resources */ = {
			isa = PBXResourcesBuildPhase;
			buildActionMask = 2147483647;
			files = (
			);
			runOnlyForDeploymentPostprocessing = 0;
		};
		A5C6C161300603030036CE69 /* Resources */ = {
			isa = PBXResourcesBuildPhase;
			buildActionMask = 2147483647;
			files = (
			);
			runOnlyForDeploymentPostprocessing = 0;
		};
/* End PBXResourcesBuildPhase section */

/* Begin PBXSourcesBuildPhase section */
		A5C6C146300603010036CE69 /* Sources */ = {
			isa = PBXSourcesBuildPhase;
			buildActionMask = 2147483647;
			files = (
			);
			runOnlyForDeploymentPostprocessing = 0;
		};
		A5C6C155300603030036CE69 /* Sources */ = {
			isa = PBXSourcesBuildPhase;
			buildActionMask = 2147483647;
			files = (
			);
			runOnlyForDeploymentPostprocessing = 0;
		};
		A5C6C15F300603030036CE69 /* Sources */ = {
			isa = PBXSourcesBuildPhase;
			buildActionMask = 2147483647;
			files = (
			);
			runOnlyForDeploymentPostprocessing = 0;
		};
/* End PBXSourcesBuildPhase section */

/* Begin PBXTargetDependency section */
		A5C6C15B300603030036CE69 /* PBXTargetDependency */ = {
			isa = PBXTargetDependency;
			target = A5C6C149300603010036CE69 /* KinCare */;
			targetProxy = A5C6C15A300603030036CE69 /* PBXContainerItemProxy */;
		};
		A5C6C165300603030036CE69 /* PBXTargetDependency */ = {
			isa = PBXTargetDependency;
			target = A5C6C149300603010036CE69 /* KinCare */;
			targetProxy = A5C6C164300603030036CE69 /* PBXContainerItemProxy */;
		};
/* End PBXTargetDependency section */

/* Begin XCBuildConfiguration section */
		A5C6C16B300603030036CE69 /* Debug */ = {
			isa = XCBuildConfiguration;
			buildSettings = {
				ALWAYS_SEARCH_USER_PATHS = NO;
				ASSETCATALOG_COMPILER_GENERATE_SWIFT_ASSET_SYMBOL_EXTENSIONS = YES;
				CLANG_ANALYZER_NONNULL = YES;
				CLANG_ANALYZER_NUMBER_OBJECT_CONVERSION = YES_AGGRESSIVE;
				CLANG_CXX_LANGUAGE_STANDARD = "gnu++20";
				CLANG_ENABLE_MODULES = YES;
				CLANG_ENABLE_OBJC_ARC = YES;
				CLANG_ENABLE_OBJC_WEAK = YES;
				CLANG_WARN_BLOCK_CAPTURE_AUTORELEASING = YES;
				CLANG_WARN_BOOL_CONVERSION = YES;
				CLANG_WARN_COMMA = YES;
				CLANG_WARN_CONSTANT_CONVERSION = YES;
				CLANG_WARN_DEPRECATED_OBJC_IMPLEMENTATIONS = YES;
				CLANG_WARN_DIRECT_OBJC_ISA_USAGE = YES_ERROR;
				CLANG_WARN_DOCUMENTATION_COMMENTS = YES;
				CLANG_WARN_EMPTY_BODY = YES;
				CLANG_WARN_ENUM_CONVERSION = YES;
				CLANG_WARN_INFINITE_RECURSION = YES;
				CLANG_WARN_INT_CONVERSION = YES;
				CLANG_WARN_NON_LITERAL_NULL_CONVERSION = YES;
				CLANG_WARN_OBJC_IMPLICIT_RETAIN_SELF = YES;
				CLANG_WARN_OBJC_LITERAL_CONVERSION = YES;
				CLANG_WARN_OBJC_ROOT_CLASS = YES_ERROR;
				CLANG_WARN_QUOTED_INCLUDE_IN_FRAMEWORK_HEADER = YES;
				CLANG_WARN_RANGE_LOOP_ANALYSIS = YES;
				CLANG_WARN_STRICT_PROTOTYPES = YES;
				CLANG_WARN_SUSPICIOUS_MOVE = YES;
				CLANG_WARN_UNGUARDED_AVAILABILITY = YES_AGGRESSIVE;
				CLANG_WARN_UNREACHABLE_CODE = YES;
				CLANG_WARN__DUPLICATE_METHOD_MATCH = YES;
				COPY_PHASE_STRIP = NO;
				DEBUG_INFORMATION_FORMAT = dwarf;
				ENABLE_STRICT_OBJC_MSGSEND = YES;
				ENABLE_TESTABILITY = YES;
				ENABLE_USER_SCRIPT_SANDBOXING = YES;
				GCC_C_LANGUAGE_STANDARD = gnu17;
				GCC_DYNAMIC_NO_PIC = NO;
				GCC_NO_COMMON_BLOCKS = YES;
				GCC_OPTIMIZATION_LEVEL = 0;
				GCC_PREPROCESSOR_DEFINITIONS = (
					"DEBUG=1",
					"$(inherited)",
				);
				GCC_WARN_64_TO_32_BIT_CONVERSION = YES;
				GCC_WARN_ABOUT_RETURN_TYPE = YES_ERROR;
				GCC_WARN_UNDECLARED_SELECTOR = YES;
				GCC_WARN_UNINITIALIZED_AUTOS = YES_AGGRESSIVE;
				GCC_WARN_UNUSED_FUNCTION = YES;
				GCC_WARN_UNUSED_VARIABLE = YES;
				IPHONEOS_DEPLOYMENT_TARGET = 26.5;
				LOCALIZATION_PREFERS_STRING_CATALOGS = YES;
				MTL_ENABLE_DEBUG_INFO = INCLUDE_SOURCE;
				MTL_FAST_MATH = YES;
				ONLY_ACTIVE_ARCH = YES;
				SDKROOT = iphoneos;
				SWIFT_ACTIVE_COMPILATION_CONDITIONS = "DEBUG $(inherited)";
				SWIFT_OPTIMIZATION_LEVEL = "-Onone";
			};
			name = Debug;
		};
		A5C6C16C300603030036CE69 /* Release */ = {
			isa = XCBuildConfiguration;
			buildSettings = {
				ALWAYS_SEARCH_USER_PATHS = NO;
				ASSETCATALOG_COMPILER_GENERATE_SWIFT_ASSET_SYMBOL_EXTENSIONS = YES;
				CLANG_ANALYZER_NONNULL = YES;
				CLANG_ANALYZER_NUMBER_OBJECT_CONVERSION = YES_AGGRESSIVE;
				CLANG_CXX_LANGUAGE_STANDARD = "gnu++20";
				CLANG_ENABLE_MODULES = YES;
				CLANG_ENABLE_OBJC_ARC = YES;
				CLANG_ENABLE_OBJC_WEAK = YES;
				CLANG_WARN_BLOCK_CAPTURE_AUTORELEASING = YES;
				CLANG_WARN_BOOL_CONVERSION = YES;
				CLANG_WARN_COMMA = YES;
				CLANG_WARN_CONSTANT_CONVERSION = YES;
				CLANG_WARN_DEPRECATED_OBJC_IMPLEMENTATIONS = YES;
				CLANG_WARN_DIRECT_OBJC_ISA_USAGE = YES_ERROR;
				CLANG_WARN_DOCUMENTATION_COMMENTS = YES;
				CLANG_WARN_EMPTY_BODY = YES;
				CLANG_WARN_ENUM_CONVERSION = YES;
				CLANG_WARN_INFINITE_RECURSION = YES;
				CLANG_WARN_INT_CONVERSION = YES;
				CLANG_WARN_NON_LITERAL_NULL_CONVERSION = YES;
				CLANG_WARN_OBJC_IMPLICIT_RETAIN_SELF = YES;
				CLANG_WARN_OBJC_LITERAL_CONVERSION = YES;
				CLANG_WARN_OBJC_ROOT_CLASS = YES_ERROR;
				CLANG_WARN_QUOTED_INCLUDE_IN_FRAMEWORK_HEADER = YES;
				CLANG_WARN_RANGE_LOOP_ANALYSIS = YES;
				CLANG_WARN_STRICT_PROTOTYPES = YES;
				CLANG_WARN_SUSPICIOUS_MOVE = YES;
				CLANG_WARN_UNGUARDED_AVAILABILITY = YES_AGGRESSIVE;
				CLANG_WARN_UNREACHABLE_CODE = YES;
				CLANG_WARN__DUPLICATE_METHOD_MATCH = YES;
				COPY_PHASE_STRIP = NO;
				DEBUG_INFORMATION_FORMAT = "dwarf-with-dsym";
				ENABLE_NS_ASSERTIONS = NO;
				ENABLE_STRICT_OBJC_MSGSEND = YES;
				ENABLE_USER_SCRIPT_SANDBOXING = YES;
				GCC_C_LANGUAGE_STANDARD = gnu17;
				GCC_NO_COMMON_BLOCKS = YES;
				GCC_WARN_64_TO_32_BIT_CONVERSION = YES;
				GCC_WARN_ABOUT_RETURN_TYPE = YES_ERROR;
				GCC_WARN_UNDECLARED_SELECTOR = YES;
				GCC_WARN_UNINITIALIZED_AUTOS = YES_AGGRESSIVE;
				GCC_WARN_UNUSED_FUNCTION = YES;
				GCC_WARN_UNUSED_VARIABLE = YES;
				IPHONEOS_DEPLOYMENT_TARGET = 26.5;
				LOCALIZATION_PREFERS_STRING_CATALOGS = YES;
				MTL_ENABLE_DEBUG_INFO = NO;
				MTL_FAST_MATH = YES;
				SDKROOT = iphoneos;
				SWIFT_COMPILATION_MODE = wholemodule;
				VALIDATE_PRODUCT = YES;
			};
			name = Release;
		};
		A5C6C16E300603030036CE69 /* Debug */ = {
			isa = XCBuildConfiguration;
			buildSettings = {
				ASSETCATALOG_COMPILER_APPICON_NAME = AppIcon;
				ASSETCATALOG_COMPILER_GLOBAL_ACCENT_COLOR_NAME = AccentColor;
				CODE_SIGN_STYLE = Automatic;
				CURRENT_PROJECT_VERSION = 1;
				DEVELOPMENT_TEAM = 37567X4CDH;
				ENABLE_PREVIEWS = YES;
				GENERATE_INFOPLIST_FILE = YES;
				INFOPLIST_KEY_UIApplicationSceneManifest_Generation = YES;
				INFOPLIST_KEY_UIApplicationSupportsIndirectInputEvents = YES;
				INFOPLIST_KEY_UILaunchScreen_Generation = YES;
				INFOPLIST_KEY_UISupportedInterfaceOrientations_iPad = "UIInterfaceOrientationPortrait UIInterfaceOrientationPortraitUpsideDown UIInterfaceOrientationLandscapeLeft UIInterfaceOrientationLandscapeRight";
				INFOPLIST_KEY_UISupportedInterfaceOrientations_iPhone = "UIInterfaceOrientationPortrait UIInterfaceOrientationLandscapeLeft UIInterfaceOrientationLandscapeRight";
				LD_RUNPATH_SEARCH_PATHS = (
					"$(inherited)",
					"@executable_path/Frameworks",
				);
				MARKETING_VERSION = 1.0;
				PRODUCT_BUNDLE_IDENTIFIER = com.zeespanto.KinCare;
				PRODUCT_NAME = "$(TARGET_NAME)";
				STRING_CATALOG_GENERATE_SYMBOLS = YES;
				SWIFT_APPROACHABLE_CONCURRENCY = YES;
				SWIFT_DEFAULT_ACTOR_ISOLATION = MainActor;
				SWIFT_EMIT_LOC_STRINGS = YES;
				SWIFT_UPCOMING_FEATURE_MEMBER_IMPORT_VISIBILITY = YES;
				SWIFT_VERSION = 5.0;
				TARGETED_DEVICE_FAMILY = "1,2";
			};
			name = Debug;
		};
		A5C6C16F300603030036CE69 /* Release */ = {
			isa = XCBuildConfiguration;
			buildSettings = {
				ASSETCATALOG_COMPILER_APPICON_NAME = AppIcon;
				ASSETCATALOG_COMPILER_GLOBAL_ACCENT_COLOR_NAME = AccentColor;
				CODE_SIGN_STYLE = Automatic;
				CURRENT_PROJECT_VERSION = 1;
				DEVELOPMENT_TEAM = 37567X4CDH;
				ENABLE_PREVIEWS = YES;
				GENERATE_INFOPLIST_FILE = YES;
				INFOPLIST_KEY_UIApplicationSceneManifest_Generation = YES;
				INFOPLIST_KEY_UIApplicationSupportsIndirectInputEvents = YES;
				INFOPLIST_KEY_UILaunchScreen_Generation = YES;
				INFOPLIST_KEY_UISupportedInterfaceOrientations_iPad = "UIInterfaceOrientationPortrait UIInterfaceOrientationPortraitUpsideDown UIInterfaceOrientationLandscapeLeft UIInterfaceOrientationLandscapeRight";
				INFOPLIST_KEY_UISupportedInterfaceOrientations_iPhone = "UIInterfaceOrientationPortrait UIInterfaceOrientationLandscapeLeft UIInterfaceOrientationLandscapeRight";
				LD_RUNPATH_SEARCH_PATHS = (
					"$(inherited)",
					"@executable_path/Frameworks",
				);
				MARKETING_VERSION = 1.0;
				PRODUCT_BUNDLE_IDENTIFIER = com.zeespanto.KinCare;
				PRODUCT_NAME = "$(TARGET_NAME)";
				STRING_CATALOG_GENERATE_SYMBOLS = YES;
				SWIFT_APPROACHABLE_CONCURRENCY = YES;
				SWIFT_DEFAULT_ACTOR_ISOLATION = MainActor;
				SWIFT_EMIT_LOC_STRINGS = YES;
				SWIFT_UPCOMING_FEATURE_MEMBER_IMPORT_VISIBILITY = YES;
				SWIFT_VERSION = 5.0;
				TARGETED_DEVICE_FAMILY = "1,2";
			};
			name = Release;
		};
		A5C6C171300603030036CE69 /* Debug */ = {
			isa = XCBuildConfiguration;
			buildSettings = {
				BUNDLE_LOADER = "$(TEST_HOST)";
				CODE_SIGN_STYLE = Automatic;
				CURRENT_PROJECT_VERSION = 1;
				GENERATE_INFOPLIST_FILE = YES;
				IPHONEOS_DEPLOYMENT_TARGET = 26.5;
				MARKETING_VERSION = 1.0;
				PRODUCT_BUNDLE_IDENTIFIER = com.zeespanto.KinCareTests;
				PRODUCT_NAME = "$(TARGET_NAME)";
				STRING_CATALOG_GENERATE_SYMBOLS = NO;
				SWIFT_APPROACHABLE_CONCURRENCY = YES;
				SWIFT_EMIT_LOC_STRINGS = NO;
				SWIFT_UPCOMING_FEATURE_MEMBER_IMPORT_VISIBILITY = YES;
				SWIFT_VERSION = 5.0;
				TARGETED_DEVICE_FAMILY = "1,2";
				TEST_HOST = "$(BUILT_PRODUCTS_DIR)/KinCare.app/$(BUNDLE_EXECUTABLE_FOLDER_PATH)/KinCare";
			};
			name = Debug;
		};
		A5C6C172300603030036CE69 /* Release */ = {
			isa = XCBuildConfiguration;
			buildSettings = {
				BUNDLE_LOADER = "$(TEST_HOST)";
				CODE_SIGN_STYLE = Automatic;
				CURRENT_PROJECT_VERSION = 1;
				GENERATE_INFOPLIST_FILE = YES;
				IPHONEOS_DEPLOYMENT_TARGET = 26.5;
				MARKETING_VERSION = 1.0;
				PRODUCT_BUNDLE_IDENTIFIER = com.zeespanto.KinCareTests;
				PRODUCT_NAME = "$(TARGET_NAME)";
				STRING_CATALOG_GENERATE_SYMBOLS = NO;
				SWIFT_APPROACHABLE_CONCURRENCY = YES;
				SWIFT_EMIT_LOC_STRINGS = NO;
				SWIFT_UPCOMING_FEATURE_MEMBER_IMPORT_VISIBILITY = YES;
				SWIFT_VERSION = 5.0;
				TARGETED_DEVICE_FAMILY = "1,2";
				TEST_HOST = "$(BUILT_PRODUCTS_DIR)/KinCare.app/$(BUNDLE_EXECUTABLE_FOLDER_PATH)/KinCare";
			};
			name = Release;
		};
		A5C6C174300603030036CE69 /* Debug */ = {
			isa = XCBuildConfiguration;
			buildSettings = {
				CODE_SIGN_STYLE = Automatic;
				CURRENT_PROJECT_VERSION = 1;
				GENERATE_INFOPLIST_FILE = YES;
				MARKETING_VERSION = 1.0;
				PRODUCT_BUNDLE_IDENTIFIER = com.zeespanto.KinCareUITests;
				PRODUCT_NAME = "$(TARGET_NAME)";
				STRING_CATALOG_GENERATE_SYMBOLS = NO;
				SWIFT_APPROACHABLE_CONCURRENCY = YES;
				SWIFT_EMIT_LOC_STRINGS = NO;
				SWIFT_UPCOMING_FEATURE_MEMBER_IMPORT_VISIBILITY = YES;
				SWIFT_VERSION = 5.0;
				TARGETED_DEVICE_FAMILY = "1,2";
				TEST_TARGET_NAME = KinCare;
			};
			name = Debug;
		};
		A5C6C175300603030036CE69 /* Release */ = {
			isa = XCBuildConfiguration;
			buildSettings = {
				CODE_SIGN_STYLE = Automatic;
				CURRENT_PROJECT_VERSION = 1;
				GENERATE_INFOPLIST_FILE = YES;
				MARKETING_VERSION = 1.0;
				PRODUCT_BUNDLE_IDENTIFIER = com.zeespanto.KinCareUITests;
				PRODUCT_NAME = "$(TARGET_NAME)";
				STRING_CATALOG_GENERATE_SYMBOLS = NO;
				SWIFT_APPROACHABLE_CONCURRENCY = YES;
				SWIFT_EMIT_LOC_STRINGS = NO;
				SWIFT_UPCOMING_FEATURE_MEMBER_IMPORT_VISIBILITY = YES;
				SWIFT_VERSION = 5.0;
				TARGETED_DEVICE_FAMILY = "1,2";
				TEST_TARGET_NAME = KinCare;
			};
			name = Release;
		};
/* End XCBuildConfiguration section */

/* Begin XCConfigurationList section */
		A5C6C145300603010036CE69 /* Build configuration list for PBXProject "KinCare" */ = {
			isa = XCConfigurationList;
			buildConfigurations = (
				A5C6C16B300603030036CE69 /* Debug */,
				A5C6C16C300603030036CE69 /* Release */,
			);
			defaultConfigurationIsVisible = 0;
			defaultConfigurationName = Release;
		};
		A5C6C16D300603030036CE69 /* Build configuration list for PBXNativeTarget "KinCare" */ = {
			isa = XCConfigurationList;
			buildConfigurations = (
				A5C6C16E300603030036CE69 /* Debug */,
				A5C6C16F300603030036CE69 /* Release */,
			);
			defaultConfigurationIsVisible = 0;
			defaultConfigurationName = Release;
		};
		A5C6C170300603030036CE69 /* Build configuration list for PBXNativeTarget "KinCareTests" */ = {
			isa = XCConfigurationList;
			buildConfigurations = (
				A5C6C171300603030036CE69 /* Debug */,
				A5C6C172300603030036CE69 /* Release */,
			);
			defaultConfigurationIsVisible = 0;
			defaultConfigurationName = Release;
		};
		A5C6C173300603030036CE69 /* Build configuration list for PBXNativeTarget "KinCareUITests" */ = {
			isa = XCConfigurationList;
			buildConfigurations = (
				A5C6C174300603030036CE69 /* Debug */,
				A5C6C175300603030036CE69 /* Release */,
			);
			defaultConfigurationIsVisible = 0;
			defaultConfigurationName = Release;
		};
/* End XCConfigurationList section */
	};
	rootObject = A5C6C142300603010036CE69 /* Project object */;
}
